
Microsoft Visual Studio Solution File, Format Version 12.00
# Visual Studio Version 17
VisualStudioVersion = 17.10.35013.160
MinimumVisualStudioVersion = 10.0.40219.1
Project("{FAE04EC0-301F-11D3-BF4B-00C04F79EFBC}") = "CW_W12_114", "CW_W12_114\CW_W12_114.csproj", "{495C4168-F910-4606-8A30-ED04A780D882}"
EndProject
Global
	GlobalSection(SolutionConfigurationPlatforms) = preSolution
		Debug|Any CPU = Debug|Any CPU
		Release|Any CPU = Release|Any CPU
	EndGlobalSection
	GlobalSection(ProjectConfigurationPlatforms) = postSolution
		{495C4168-F910-4606-8A30-ED04A780D882}.Debug|Any CPU.ActiveCfg = Debug|Any CPU
		{495C4168-F910-4606-8A30-ED04A780D882}.Debug|Any CPU.Build.0 = Debug|Any CPU
		{495C4168-F910-4606-8A30-ED04A780D882}.Release|Any CPU.ActiveCfg = Release|Any CPU
		{495C4168-F910-4606-8A30-ED04A780D882}.Release|Any CPU.Build.0 = Release|Any CPU
	EndGlobalSection
	GlobalSection(SolutionProperties) = preSolution
		HideSolutionNode = FALSE
	EndGlobalSection
	GlobalSection(ExtensibilityGlobals) = postSolution
		SolutionGuid = {65DA4BE1-CFBF-4F85-9471-B74631B9E021}
	EndGlobalSection
EndGlobal
